
Microsoft Visual Studio Solution File, Format Version 12.00
# Visual Studio Version 17
VisualStudioVersion = 17.3.32901.215
MinimumVisualStudioVersion = 10.0.40219.1
Project("{FAE04EC0-301F-11D3-BF4B-00C04F79EFBC}") = "TodoApi", "TodoApi\TodoApi.csproj", "{AA4FFDE7-5B7A-4833-BBD7-FAD082C3B37A}"
EndProject
Global
	GlobalSection(SolutionConfigurationPlatforms) = preSolution
		Debug|Any CPU = Debug|Any CPU
		Release|Any CPU = Release|Any CPU
	EndGlobalSection
	GlobalSection(ProjectConfigurationPlatforms) = postSolution
		{AA4FFDE7-5B7A-4833-BBD7-FAD082C3B37A}.Debug|Any CPU.ActiveCfg = Debug|Any CPU
		{AA4FFDE7-5B7A-4833-BBD7-FAD082C3B37A}.Debug|Any CPU.Build.0 = Debug|Any CPU
		{AA4FFDE7-5B7A-4833-BBD7-FAD082C3B37A}.Release|Any CPU.ActiveCfg = Release|Any CPU
		{AA4FFDE7-5B7A-4833-BBD7-FAD082C3B37A}.Release|Any CPU.Build.0 = Release|Any CPU
	EndGlobalSection
	GlobalSection(SolutionProperties) = preSolution
		HideSolutionNode = FALSE
	EndGlobalSection
	GlobalSection(ExtensibilityGlobals) = postSolution
		SolutionGuid = {3AFE5D85-BBDE-45D6-A14C-B7A0D4E363A2}
	EndGlobalSection
EndGlobal
